<?xml version="1.0" encoding="utf-8"?>
<Project ToolsVersion="4.0" xmlns="http://schemas.microsoft.com/developer/msbuild/2003">
  <ItemGroup>
    <Filter Include="Source Files">
      <UniqueIdentifier>{4FC737F1-C7A5-4376-A066-2A32D752A2FF}</UniqueIdentifier>
      <Extensions>cpp;c;cc;cxx;def;odl;idl;hpj;bat;asm;asmx</Extensions>
    </Filter>
    <Filter Include="Header Files">
      <UniqueIdentifier>{93995380-89BD-4b04-88EB-625FBE52EBFB}</UniqueIdentifier>
      <Extensions>h;hh;hpp;hxx;hm;inl;inc;ipp;xsd</Extensions>
    </Filter>
    <Filter Include="Resource Files">
      <UniqueIdentifier>{67DA6AB6-F800-4c08-8B7A-83BB121AAD01}</UniqueIdentifier>
      <Extensions>rc;ico;cur;bmp;dlg;rc2;rct;bin;rgs;gif;jpg;jpeg;jpe;resx;tiff;tif;png;wav;mfcribbon-ms</Extensions>
    </Filter>
  </ItemGroup>
  <ItemGroup>
    <ClCompile Include="queue.c">
      <Filter>Source Files</Filter>
    </ClCompile>
    <ClCompile Include="4179.c">
      <Filter>Source Files</Filter>
    </ClCompile>
    <ClCompile Include="segmentTree.c">
      <Filter>Source Files</Filter>
    </ClCompile>
    <ClCompile Include="1999.c">
      <Filter>Source Files</Filter>
    </ClCompile>
    <ClCompile Include="infixToPostfix.c">
      <Filter>Source Files</Filter>
    </ClCompile>
    <ClCompile Include="1935.c">
      <Filter>Source Files</Filter>
    </ClCompile>
    <ClCompile Include="test.cpp">
      <Filter>Source Files</Filter>
    </ClCompile>
    <ClCompile Include="10757.c">
      <Filter>Source Files</Filter>
    </ClCompile>
    <ClCompile Include="mergeSort.c">
      <Filter>Source Files</Filter>
    </ClCompile>
    <ClCompile Include="base.cpp">
      <Filter>Source Files</Filter>
    </ClCompile>
    <ClCompile Include="heap.c">
      <Filter>Source Files</Filter>
    </ClCompile>
    <ClCompile Include="heapSort.c">
      <Filter>Source Files</Filter>
    </ClCompile>
    <ClCompile Include="1417.c">
      <Filter>Source Files</Filter>
    </ClCompile>
    <ClCompile Include="11279.c">
      <Filter>Source Files</Filter>
    </ClCompile>
    <ClCompile Include="1927.c">
      <Filter>Source Files</Filter>
    </ClCompile>
    <ClCompile Include="heap11286.c">
      <Filter>Source Files</Filter>
    </ClCompile>
    <ClCompile Include="binary_search.c">
      <Filter>Source Files</Filter>
    </ClCompile>
    <ClCompile Include="BinarySearch3151.c">
      <Filter>Source Files</Filter>
    </ClCompile>
    <ClCompile Include="heapsort2.c">
      <Filter>Source Files</Filter>
    </ClCompile>
    <ClCompile Include="Sort2750.c">
      <Filter>Source Files</Filter>
    </ClCompile>
    <ClCompile Include="Sort2751%28other%29.c">
      <Filter>Source Files</Filter>
    </ClCompile>
    <ClCompile Include="quickSort.c">
      <Filter>Source Files</Filter>
    </ClCompile>
    <ClCompile Include="Topological2056.c">
      <Filter>Source Files</Filter>
    </ClCompile>
    <ClCompile Include="Topological2056_2.c">
      <Filter>Source Files</Filter>
    </ClCompile>
    <ClCompile Include="EP1292.c">
      <Filter>Source Files</Filter>
    </ClCompile>
    <ClCompile Include="22949.c">
      <Filter>Source Files</Filter>
    </ClCompile>
    <ClCompile Include="knapsack12865.c">
      <Filter>Source Files</Filter>
    </ClCompile>
    <ClCompile Include="10172.c">
      <Filter>Source Files</Filter>
    </ClCompile>
    <ClCompile Include="Dp1699.c">
      <Filter>Source Files</Filter>
    </ClCompile>
    <ClCompile Include="convexHull1708.c">
      <Filter>Source Files</Filter>
    </ClCompile>
    <ClCompile Include="Binary2470.c">
      <Filter>Source Files</Filter>
    </ClCompile>
    <ClCompile Include="radixSort2750.c">
      <Filter>Source Files</Filter>
    </ClCompile>
    <ClCompile Include="trie.c">
      <Filter>Source Files</Filter>
    </ClCompile>
    <ClCompile Include="DP11062.c">
      <Filter>Source Files</Filter>
    </ClCompile>
    <ClCompile Include="LCS9251.c">
      <Filter>Source Files</Filter>
    </ClCompile>
    <ClCompile Include="LCS9251_2.c">
      <Filter>Source Files</Filter>
    </ClCompile>
    <ClCompile Include="DP2293.c">
      <Filter>Source Files</Filter>
    </ClCompile>
    <ClCompile Include="DP2225.c">
      <Filter>Source Files</Filter>
    </ClCompile>
    <ClCompile Include="dp2410.c">
      <Filter>Source Files</Filter>
    </ClCompile>
    <ClCompile Include="LCS9252.c">
      <Filter>Source Files</Filter>
    </ClCompile>
    <ClCompile Include="1039.c">
      <Filter>Source Files</Filter>
    </ClCompile>
    <ClCompile Include="string.c">
      <Filter>Source Files</Filter>
    </ClCompile>
    <ClCompile Include="NM15665.c">
      <Filter>Source Files</Filter>
    </ClCompile>
    <ClCompile Include="2668.c">
      <Filter>Source Files</Filter>
    </ClCompile>
    <ClCompile Include="5529.c">
      <Filter>Source Files</Filter>
    </ClCompile>
    <ClCompile Include="bit.c">
      <Filter>Source Files</Filter>
    </ClCompile>
    <ClCompile Include="5529.cpp">
      <Filter>Source Files</Filter>
    </ClCompile>
    <ClCompile Include="Dijkstra1238cpp.cpp">
      <Filter>Source Files</Filter>
    </ClCompile>
    <ClCompile Include="1504.c">
      <Filter>Source Files</Filter>
    </ClCompile>
    <ClCompile Include="1504.cpp">
      <Filter>Source Files</Filter>
    </ClCompile>
    <ClCompile Include="1504_2.cpp">
      <Filter>Source Files</Filter>
    </ClCompile>
    <ClCompile Include="1967.c">
      <Filter>Source Files</Filter>
    </ClCompile>
    <ClCompile Include="1712.c">
      <Filter>Source Files</Filter>
    </ClCompile>
    <ClCompile Include="1062.c">
      <Filter>Source Files</Filter>
    </ClCompile>
    <ClCompile Include="2661.c">
      <Filter>Source Files</Filter>
    </ClCompile>
    <ClCompile Include="1415.c">
      <Filter>Source Files</Filter>
    </ClCompile>
    <ClCompile Include="1415dp.c">
      <Filter>Source Files</Filter>
    </ClCompile>
    <ClCompile Include="2437.c">
      <Filter>Source Files</Filter>
    </ClCompile>
    <ClCompile Include="14003.c">
      <Filter>Source Files</Filter>
    </ClCompile>
    <ClCompile Include="1365.c">
      <Filter>Source Files</Filter>
    </ClCompile>
    <ClCompile Include="lis9702.c">
      <Filter>Source Files</Filter>
    </ClCompile>
    <ClCompile Include="lis3745.c">
      <Filter>Source Files</Filter>
    </ClCompile>
    <ClCompile Include="12014.c">
      <Filter>Source Files</Filter>
    </ClCompile>
    <ClCompile Include="1818.c">
      <Filter>Source Files</Filter>
    </ClCompile>
  </ItemGroup>
</Project>